
Microsoft Visual Studio Solution File, Format Version 12.00
# Visual Studio Version 17
VisualStudioVersion = 17.4.33213.308
MinimumVisualStudioVersion = 10.0.40219.1
Project("{9A19103F-16F7-4668-BE54-9A1E7A4F7556}") = "MyBlog.WebApi", "MyBlog.WebApi\MyBlog.WebApi.csproj", "{E4001C60-B63E-4798-9218-31C1CCC9216C}"
EndProject
Project("{FAE04EC0-301F-11D3-BF4B-00C04F79EFBC}") = "MyBlog.Model", "MyBlog.Model\MyBlog.Model.csproj", "{A77BA493-0270-4FC8-90D4-F4B88A11A3CD}"
EndProject
Project("{FAE04EC0-301F-11D3-BF4B-00C04F79EFBC}") = "MyBlog.IReposity", "MyBlog.IReposity\MyBlog.IReposity.csproj", "{1E79A945-D24B-404D-91F0-5FCCCFDB78C6}"
EndProject
Project("{2150E333-8FDC-42A3-9474-1A3956D46DE8}") = "Reposity", "Reposity", "{BDBB0AEF-542D-49F4-A94A-7A40EF933E8B}"
EndProject
Project("{FAE04EC0-301F-11D3-BF4B-00C04F79EFBC}") = "MyBlog.Reposity", "MyBlog.Reposity\MyBlog.Reposity.csproj", "{2F11CD17-6BCB-43AA-8D25-6A6F309E0B6C}"
EndProject
Project("{2150E333-8FDC-42A3-9474-1A3956D46DE8}") = "Service", "Service", "{3C8378DE-0569-45E3-A263-99B68633B2D3}"
EndProject
Project("{FAE04EC0-301F-11D3-BF4B-00C04F79EFBC}") = "AsnycAwaiteStudy", "AsnycAwaiteStudy\AsnycAwaiteStudy.csproj", "{27986A2C-C630-4FDF-969E-E594ED463562}"
EndProject
Project("{FAE04EC0-301F-11D3-BF4B-00C04F79EFBC}") = "MyBlog.IService", "MyBlog.IService\MyBlog.IService.csproj", "{69C3B3CD-F07B-4163-B42A-2699EC74E438}"
EndProject
Project("{FAE04EC0-301F-11D3-BF4B-00C04F79EFBC}") = "MyBlog.Service", "MyBlog.Service\MyBlog.Service.csproj", "{07342EC6-6F12-4C3B-A1A5-6365718980FC}"
EndProject
Global
	GlobalSection(SolutionConfigurationPlatforms) = preSolution
		Debug|Any CPU = Debug|Any CPU
		Release|Any CPU = Release|Any CPU
	EndGlobalSection
	GlobalSection(ProjectConfigurationPlatforms) = postSolution
		{E4001C60-B63E-4798-9218-31C1CCC9216C}.Debug|Any CPU.ActiveCfg = Debug|Any CPU
		{E4001C60-B63E-4798-9218-31C1CCC9216C}.Debug|Any CPU.Build.0 = Debug|Any CPU
		{E4001C60-B63E-4798-9218-31C1CCC9216C}.Release|Any CPU.ActiveCfg = Release|Any CPU
		{E4001C60-B63E-4798-9218-31C1CCC9216C}.Release|Any CPU.Build.0 = Release|Any CPU
		{A77BA493-0270-4FC8-90D4-F4B88A11A3CD}.Debug|Any CPU.ActiveCfg = Debug|Any CPU
		{A77BA493-0270-4FC8-90D4-F4B88A11A3CD}.Debug|Any CPU.Build.0 = Debug|Any CPU
		{A77BA493-0270-4FC8-90D4-F4B88A11A3CD}.Release|Any CPU.ActiveCfg = Release|Any CPU
		{A77BA493-0270-4FC8-90D4-F4B88A11A3CD}.Release|Any CPU.Build.0 = Release|Any CPU
		{1E79A945-D24B-404D-91F0-5FCCCFDB78C6}.Debug|Any CPU.ActiveCfg = Debug|Any CPU
		{1E79A945-D24B-404D-91F0-5FCCCFDB78C6}.Debug|Any CPU.Build.0 = Debug|Any CPU
		{1E79A945-D24B-404D-91F0-5FCCCFDB78C6}.Release|Any CPU.ActiveCfg = Release|Any CPU
		{1E79A945-D24B-404D-91F0-5FCCCFDB78C6}.Release|Any CPU.Build.0 = Release|Any CPU
		{2F11CD17-6BCB-43AA-8D25-6A6F309E0B6C}.Debug|Any CPU.ActiveCfg = Debug|Any CPU
		{2F11CD17-6BCB-43AA-8D25-6A6F309E0B6C}.Debug|Any CPU.Build.0 = Debug|Any CPU
		{2F11CD17-6BCB-43AA-8D25-6A6F309E0B6C}.Release|Any CPU.ActiveCfg = Release|Any CPU
		{2F11CD17-6BCB-43AA-8D25-6A6F309E0B6C}.Release|Any CPU.Build.0 = Release|Any CPU
		{27986A2C-C630-4FDF-969E-E594ED463562}.Debug|Any CPU.ActiveCfg = Debug|Any CPU
		{27986A2C-C630-4FDF-969E-E594ED463562}.Debug|Any CPU.Build.0 = Debug|Any CPU
		{27986A2C-C630-4FDF-969E-E594ED463562}.Release|Any CPU.ActiveCfg = Release|Any CPU
		{27986A2C-C630-4FDF-969E-E594ED463562}.Release|Any CPU.Build.0 = Release|Any CPU
		{69C3B3CD-F07B-4163-B42A-2699EC74E438}.Debug|Any CPU.ActiveCfg = Debug|Any CPU
		{69C3B3CD-F07B-4163-B42A-2699EC74E438}.Debug|Any CPU.Build.0 = Debug|Any CPU
		{69C3B3CD-F07B-4163-B42A-2699EC74E438}.Release|Any CPU.ActiveCfg = Release|Any CPU
		{69C3B3CD-F07B-4163-B42A-2699EC74E438}.Release|Any CPU.Build.0 = Release|Any CPU
		{07342EC6-6F12-4C3B-A1A5-6365718980FC}.Debug|Any CPU.ActiveCfg = Debug|Any CPU
		{07342EC6-6F12-4C3B-A1A5-6365718980FC}.Debug|Any CPU.Build.0 = Debug|Any CPU
		{07342EC6-6F12-4C3B-A1A5-6365718980FC}.Release|Any CPU.ActiveCfg = Release|Any CPU
		{07342EC6-6F12-4C3B-A1A5-6365718980FC}.Release|Any CPU.Build.0 = Release|Any CPU
	EndGlobalSection
	GlobalSection(SolutionProperties) = preSolution
		HideSolutionNode = FALSE
	EndGlobalSection
	GlobalSection(NestedProjects) = preSolution
		{1E79A945-D24B-404D-91F0-5FCCCFDB78C6} = {BDBB0AEF-542D-49F4-A94A-7A40EF933E8B}
		{2F11CD17-6BCB-43AA-8D25-6A6F309E0B6C} = {BDBB0AEF-542D-49F4-A94A-7A40EF933E8B}
		{69C3B3CD-F07B-4163-B42A-2699EC74E438} = {3C8378DE-0569-45E3-A263-99B68633B2D3}
		{07342EC6-6F12-4C3B-A1A5-6365718980FC} = {3C8378DE-0569-45E3-A263-99B68633B2D3}
	EndGlobalSection
	GlobalSection(ExtensibilityGlobals) = postSolution
		SolutionGuid = {86945CE4-27C4-474C-A292-FB05D9BDB774}
	EndGlobalSection
EndGlobal
